
Microsoft Visual Studio Solution File, Format Version 12.00
# Visual Studio Version 17
VisualStudioVersion = 17.9.34902.65
MinimumVisualStudioVersion = 10.0.40219.1
Project("{FAE04EC0-301F-11D3-BF4B-00C04F79EFBC}") = "teste", "teste\teste.csproj", "{9AD0439B-9638-4014-A746-7851A9BCECEC}"
EndProject
Global
	GlobalSection(SolutionConfigurationPlatforms) = preSolution
		Debug|Any CPU = Debug|Any CPU
		Release|Any CPU = Release|Any CPU
	EndGlobalSection
	GlobalSection(ProjectConfigurationPlatforms) = postSolution
		{9AD0439B-9638-4014-A746-7851A9BCECEC}.Debug|Any CPU.ActiveCfg = Debug|Any CPU
		{9AD0439B-9638-4014-A746-7851A9BCECEC}.Debug|Any CPU.Build.0 = Debug|Any CPU
		{9AD0439B-9638-4014-A746-7851A9BCECEC}.Release|Any CPU.ActiveCfg = Release|Any CPU
		{9AD0439B-9638-4014-A746-7851A9BCECEC}.Release|Any CPU.Build.0 = Release|Any CPU
	EndGlobalSection
	GlobalSection(SolutionProperties) = preSolution
		HideSolutionNode = FALSE
	EndGlobalSection
	GlobalSection(ExtensibilityGlobals) = postSolution
		SolutionGuid = {5746D6A5-A161-464B-8E20-AD790C14C8D9}
	EndGlobalSection
EndGlobal
