
Microsoft Visual Studio Solution File, Format Version 12.00
# Visual Studio Version 17
VisualStudioVersion = 17.9.34902.65
MinimumVisualStudioVersion = 10.0.40219.1
Project("{FAE04EC0-301F-11D3-BF4B-00C04F79EFBC}") = "Empresas_funcionarios", "Empresas_funcionarios\Empresas_funcionarios.csproj", "{6563ADA9-EB5E-40F1-8E3E-8290B27285FE}"
EndProject
Global
	GlobalSection(SolutionConfigurationPlatforms) = preSolution
		Debug|Any CPU = Debug|Any CPU
		Release|Any CPU = Release|Any CPU
	EndGlobalSection
	GlobalSection(ProjectConfigurationPlatforms) = postSolution
		{6563ADA9-EB5E-40F1-8E3E-8290B27285FE}.Debug|Any CPU.ActiveCfg = Debug|Any CPU
		{6563ADA9-EB5E-40F1-8E3E-8290B27285FE}.Debug|Any CPU.Build.0 = Debug|Any CPU
		{6563ADA9-EB5E-40F1-8E3E-8290B27285FE}.Release|Any CPU.ActiveCfg = Release|Any CPU
		{6563ADA9-EB5E-40F1-8E3E-8290B27285FE}.Release|Any CPU.Build.0 = Release|Any CPU
	EndGlobalSection
	GlobalSection(SolutionProperties) = preSolution
		HideSolutionNode = FALSE
	EndGlobalSection
	GlobalSection(ExtensibilityGlobals) = postSolution
		SolutionGuid = {7E73C0E0-F8BB-47C5-AA34-1CDD6E61AF84}
	EndGlobalSection
EndGlobal
